PODS:
  - Default (3.0.0)
  - LoginServiceKit (2.2.0)
  - RxBlocking (5.1.1):
    - RxSwift (~> 5)
  - RxCocoa (5.1.1):
    - RxRelay (~> 5)
    - RxSwift (~> 5)
  - RxRelay (5.1.1):
    - RxSwift (~> 5)
  - RxSwift (5.1.1)
  - RxTest (5.1.1):
    - RxSwift (~> 5)

DEPENDENCIES:
  - Default
  - LoginServiceKit (from `https://github.com/Clipy/LoginServiceKit.git`)
  - RxBlocking (~> 5)
  - RxCocoa (~> 5)
  - RxSwift (~> 5)
  - RxTest (~> 5)

SPEC REPOS:
  trunk:
    - Default
    - RxBlocking
    - RxCocoa
    - RxRelay
    - RxSwift
    - RxTest

EXTERNAL SOURCES:
  LoginServiceKit:
    :git: https://github.com/Clipy/LoginServiceKit.git

CHECKOUT OPTIONS:
  LoginServiceKit:
    :commit: cf58b91b0ac247bd8bf5dccb5434ca60a930c1e1
    :git: https://github.com/Clipy/LoginServiceKit.git

SPEC CHECKSUMS:
  Default: df6f5067d92a350e908125bf269a7317df86b3bb
  LoginServiceKit: 3c86ce2f2bcd1e373326839d6d863d8a6a5915b4
  RxBlocking: 5f700a78cad61ce253ebd37c9a39b5ccc76477b4
  RxCocoa: 32065309a38d29b5b0db858819b5bf9ef038b601
  RxRelay: d77f7d771495f43c556cbc43eebd1bb54d01e8e9
  RxSwift: 81470a2074fa8780320ea5fe4102807cb7118178
  RxTest: 711632d5644dffbeb62c936a521b5b008a1e1faa

PODFILE CHECKSUM: 761050f66b2024a7df36afd24f992faada51e0be

COCOAPODS: 1.8.4
